
Microsoft Visual Studio Solution File, Format Version 12.00
# Visual Studio Version 17
VisualStudioVersion = 17.1.32210.238
MinimumVisualStudioVersion = 10.0.40219.1
Project("{FAE04EC0-301F-11D3-BF4B-00C04F79EFBC}") = "CompanyEmployees", "CompanyEmployees\CompanyEmployees.csproj", "{A8D06FF9-36C5-4910-B026-984442E43E22}"
EndProject
Global
	GlobalSection(SolutionConfigurationPlatforms) = preSolution
		Debug|Any CPU = Debug|Any CPU
		Release|Any CPU = Release|Any CPU
	EndGlobalSection
	GlobalSection(ProjectConfigurationPlatforms) = postSolution
		{A8D06FF9-36C5-4910-B026-984442E43E22}.Debug|Any CPU.ActiveCfg = Debug|Any CPU
		{A8D06FF9-36C5-4910-B026-984442E43E22}.Debug|Any CPU.Build.0 = Debug|Any CPU
		{A8D06FF9-36C5-4910-B026-984442E43E22}.Release|Any CPU.ActiveCfg = Release|Any CPU
		{A8D06FF9-36C5-4910-B026-984442E43E22}.Release|Any CPU.Build.0 = Release|Any CPU
	EndGlobalSection
	GlobalSection(SolutionProperties) = preSolution
		HideSolutionNode = FALSE
	EndGlobalSection
	GlobalSection(ExtensibilityGlobals) = postSolution
		SolutionGuid = {DFA9D9E7-898F-4349-BDD9-28AE573FC051}
	EndGlobalSection
EndGlobal
